# THIS IS AN AUTOGENERATED FILE. DO NOT EDIT THIS FILE DIRECTLY.
# yarn lockfile v1


demo3-swagger-to-js-preset@^0.1.1:
  version "0.1.1"
  resolved "https://registry.yarnpkg.com/demo3-swagger-to-js-preset/-/demo3-swagger-to-js-preset-0.1.1.tgz#d9a7db02dda2885241391eeaf2a2d1ff8215c4ef"
  integrity sha512-Kj+teOeiBSKBwMhaB/jT99w9h9mtFp40+OymIR9wBr8Y9hBupTsnlVLeAWt7iyMk6BFGLcxp+ZS4nPebdL2YiA==
